
Microsoft Visual Studio Solution File, Format Version 12.00
# Visual Studio Version 16
VisualStudioVersion = 16.0.30011.22
MinimumVisualStudioVersion = 10.0.40219.1
Project("{FAE04EC0-301F-11D3-BF4B-00C04F79EFBC}") = "Sharpness", "Sharpness\Sharpness.csproj", "{B1BAFD3E-DFA4-4717-B0D9-370820D389A2}"
EndProject
Project("{FAE04EC0-301F-11D3-BF4B-00C04F79EFBC}") = "Pong", "Pong\Pong.csproj", "{88C88CE3-0AC0-4EBE-8524-1CD3E1E8239B}"
EndProject
Global
	GlobalSection(SolutionConfigurationPlatforms) = preSolution
		Debug|Any CPU = Debug|Any CPU
		Release|Any CPU = Release|Any CPU
	EndGlobalSection
	GlobalSection(ProjectConfigurationPlatforms) = postSolution
		{B1BAFD3E-DFA4-4717-B0D9-370820D389A2}.Debug|Any CPU.ActiveCfg = Debug|Any CPU
		{B1BAFD3E-DFA4-4717-B0D9-370820D389A2}.Debug|Any CPU.Build.0 = Debug|Any CPU
		{B1BAFD3E-DFA4-4717-B0D9-370820D389A2}.Release|Any CPU.ActiveCfg = Release|Any CPU
		{B1BAFD3E-DFA4-4717-B0D9-370820D389A2}.Release|Any CPU.Build.0 = Release|Any CPU
		{88C88CE3-0AC0-4EBE-8524-1CD3E1E8239B}.Debug|Any CPU.ActiveCfg = Debug|Any CPU
		{88C88CE3-0AC0-4EBE-8524-1CD3E1E8239B}.Debug|Any CPU.Build.0 = Debug|Any CPU
		{88C88CE3-0AC0-4EBE-8524-1CD3E1E8239B}.Release|Any CPU.ActiveCfg = Release|Any CPU
		{88C88CE3-0AC0-4EBE-8524-1CD3E1E8239B}.Release|Any CPU.Build.0 = Release|Any CPU
	EndGlobalSection
	GlobalSection(SolutionProperties) = preSolution
		HideSolutionNode = FALSE
	EndGlobalSection
	GlobalSection(ExtensibilityGlobals) = postSolution
		SolutionGuid = {E0DC0A65-C3EB-42BE-BFF4-67F3FD1EDC66}
	EndGlobalSection
EndGlobal
